NeoBundleLock Wombat 600a27a126a32a1c7fd5d46727c2bb488d8e7465
NeoBundleLock ghcmod-vim 1cab59653ef0fba71574c7f64e60a27df2bc38fc
NeoBundleLock jellybeans.vim f931895c20681684278aef2ffd810730b9c36ec3
NeoBundleLock molokai c67bdfcdb31415aa0ade7f8c003261700a885476
NeoBundleLock neco-ghc 53a3d63bc4ecc10d8506a40a0472987f262050da
NeoBundleLock neobundle.vim 516d8ee25d55148b09349b8a1110ee40e8f26fbf
NeoBundleLock neocomplete.vim de6822e7581cfce8c906ed6e9ba863a0dde78352
NeoBundleLock neomru.vim bab3124e3ff52dc70d30fd741ba0b8d718cae4d9
NeoBundleLock rdark cca9bf19977a587b846c10a4f0d16688e57138bb
NeoBundleLock shabadou.vim c5af30bb0c028d53cfd89e00cab636c844034a9a
NeoBundleLock twilight 61d8d3e49507ae69d32951d63edf9755c87f4da6
NeoBundleLock unite-colorscheme 3aa33866a183f7659594a3f6b66b2334eaebc6a0
NeoBundleLock unite-haskellimport b5ce0cd12d3ebf6433c1834fd806f942d4e8d26e
NeoBundleLock unite.vim da791c335135fbd460caa8c8e4671e324ef1f328
NeoBundleLock vim-autoclose a9a3b7384657bc1f60a963fd6c08c63fc48d61c3
NeoBundleLock vim-colors-solarized 528a59f26d12278698bb946f8fb82a63711eec21
NeoBundleLock vim-filetype-haskell 31b40b0961974067de569df7a7458498e4de5775
NeoBundleLock vim-hier 0b8c365263551a67404ebd7e528c55e17c1d3de7
NeoBundleLock vim-hybrid 37a2d17c8d7b6cfe5288ef01b9b574828420de62
NeoBundleLock vim-latex 908ef75937ce908998edb4bd01c7152704978f3e
NeoBundleLock vim-lucius 770dc0da1d1ce0c21e2d54191aae8f0e6012b6a5
NeoBundleLock vim-quickrun da5328d0aec495e4dc25232fd769a8a2e56d8f7d
NeoBundleLock vim-railscasts-theme b09adffc4f23dab82e9005c6f12635210485da8a
NeoBundleLock vim-watchdogs 52842b03ab0c2e60563ff121d274f8a66ca7e0fc
NeoBundleLock vim2hs f2afd55704bfe0a2d66e6b270d247e9b8a7b1664
NeoBundleLock vimproc f96e476e41ab4cdb9c37242c8cf76f1e5aa5b91d
NeoBundleLock vimshell a5b3d99ba84e76cf94195c37ab762aef5f7b6e25
