NeoBundleLock TwitVim 7ca751b444427b62158a44942748f8dbf8ea9a91
NeoBundleLock Wombat 53850e7ca370a98e10c99ae27e827b6085fa8049
NeoBundleLock jellybeans.vim 53850e7ca370a98e10c99ae27e827b6085fa8049
NeoBundleLock molokai 53850e7ca370a98e10c99ae27e827b6085fa8049
NeoBundleLock neobundle.vim 30c40ccbfc6371fb922eece6e0657eb5da9e479b
NeoBundleLock neocomplete.vim 53850e7ca370a98e10c99ae27e827b6085fa8049
NeoBundleLock neomru.vim 53850e7ca370a98e10c99ae27e827b6085fa8049
NeoBundleLock rdark 53850e7ca370a98e10c99ae27e827b6085fa8049
NeoBundleLock shabadou.vim 53850e7ca370a98e10c99ae27e827b6085fa8049
NeoBundleLock twilight 53850e7ca370a98e10c99ae27e827b6085fa8049
NeoBundleLock unite-colorscheme 53850e7ca370a98e10c99ae27e827b6085fa8049
NeoBundleLock unite.vim 53850e7ca370a98e10c99ae27e827b6085fa8049
NeoBundleLock vim-autoclose 53850e7ca370a98e10c99ae27e827b6085fa8049
NeoBundleLock vim-colors-solarized 53850e7ca370a98e10c99ae27e827b6085fa8049
NeoBundleLock vim-hier 53850e7ca370a98e10c99ae27e827b6085fa8049
NeoBundleLock vim-hybrid 53850e7ca370a98e10c99ae27e827b6085fa8049
NeoBundleLock vim-latex 53850e7ca370a98e10c99ae27e827b6085fa8049
NeoBundleLock vim-lucius 53850e7ca370a98e10c99ae27e827b6085fa8049
NeoBundleLock vim-quickrun 53850e7ca370a98e10c99ae27e827b6085fa8049
NeoBundleLock vim-railscasts-theme 53850e7ca370a98e10c99ae27e827b6085fa8049
NeoBundleLock vim-watchdogs 53850e7ca370a98e10c99ae27e827b6085fa8049
NeoBundleLock vimproc 53850e7ca370a98e10c99ae27e827b6085fa8049
NeoBundleLock vimshell 53850e7ca370a98e10c99ae27e827b6085fa8049
