NeoBundleLock TwitVim e55223d63a084986ce5f602f8219d3e5896178a4
NeoBundleLock Wombat 600a27a126a32a1c7fd5d46727c2bb488d8e7465
NeoBundleLock jellybeans.vim 10d8262868b94fabe15fbb010f4a68c169c8e942
NeoBundleLock molokai c67bdfcdb31415aa0ade7f8c003261700a885476
NeoBundleLock neco-look 86a5e98d02dc3a96e42e41921cae3f153db0edfa
NeoBundleLock neobundle.vim 30c40ccbfc6371fb922eece6e0657eb5da9e479b
NeoBundleLock neocomplete.vim 8d2a574c1708080ef1fac3336c99d2d9e1898fce
NeoBundleLock neomru.vim e86ebb07c3498e81b13a195330831eb845555633
NeoBundleLock rdark cca9bf19977a587b846c10a4f0d16688e57138bb
NeoBundleLock shabadou.vim 7d4bfed1ea8985ae125df3d1403cc19e252443e1
NeoBundleLock twilight 61d8d3e49507ae69d32951d63edf9755c87f4da6
NeoBundleLock unite-colorscheme 3aa33866a183f7659594a3f6b66b2334eaebc6a0
NeoBundleLock unite.vim 47daeed4a6934fbcc418fda8ce19ac702904520f
NeoBundleLock vim-autoclose a9a3b7384657bc1f60a963fd6c08c63fc48d61c3
NeoBundleLock vim-colors-solarized 528a59f26d12278698bb946f8fb82a63711eec21
NeoBundleLock vim-hier 0b8c365263551a67404ebd7e528c55e17c1d3de7
NeoBundleLock vim-hybrid cc58baabeabc7b83768e25b852bf89c34756bf90
NeoBundleLock vim-latex ee2822394ceb5030b0b1970da9f0133ed8509576
NeoBundleLock vim-lucius 770dc0da1d1ce0c21e2d54191aae8f0e6012b6a5
NeoBundleLock vim-quickrun 5149ecd1502b7fc2583cb8799ac1a0c72c41f828
NeoBundleLock vim-railscasts-theme 826e17cc7a7fdc1aef16b9ddfaf271b51fc2e0a8
NeoBundleLock vim-watchdogs 7c89466b2b7fd9b87e0189e4ac66b84f2cfbc842
NeoBundleLock vimproc b2255c66a3dc04fba1adbda3e380facff45fe6ec
NeoBundleLock vimshell c71ffb48b9ea2c718facd2eaad431f59503e58aa
